
Microsoft Visual Studio Solution File, Format Version 12.00
# Visual Studio Version 17
VisualStudioVersion = 17.14.36401.2 d17.14
MinimumVisualStudioVersion = 10.0.40219.1
Project("{FAE04EC0-301F-11D3-BF4B-00C04F79EFBC}") = "mvc-aspnetcore-incomes-and-expenses", "mvc-aspnetcore-incomes-and-expenses.csproj", "{7E42E3BC-9705-4FA2-BD64-573B9D402625}"
EndProject
Global
	GlobalSection(SolutionConfigurationPlatforms) = preSolution
		Debug|Any CPU = Debug|Any CPU
		Release|Any CPU = Release|Any CPU
	EndGlobalSection
	GlobalSection(ProjectConfigurationPlatforms) = postSolution
		{7E42E3BC-9705-4FA2-BD64-573B9D402625}.Debug|Any CPU.ActiveCfg = Debug|Any CPU
		{7E42E3BC-9705-4FA2-BD64-573B9D402625}.Debug|Any CPU.Build.0 = Debug|Any CPU
		{7E42E3BC-9705-4FA2-BD64-573B9D402625}.Release|Any CPU.ActiveCfg = Release|Any CPU
		{7E42E3BC-9705-4FA2-BD64-573B9D402625}.Release|Any CPU.Build.0 = Release|Any CPU
	EndGlobalSection
	GlobalSection(SolutionProperties) = preSolution
		HideSolutionNode = FALSE
	EndGlobalSection
	GlobalSection(ExtensibilityGlobals) = postSolution
		SolutionGuid = {55062585-058C-474A-9B0E-D205AD75D7FB}
	EndGlobalSection
EndGlobal
